
Microsoft Visual Studio Solution File, Format Version 12.00
# Visual Studio Version 17
VisualStudioVersion = 17.4.33403.182
MinimumVisualStudioVersion = 10.0.40219.1
Project("{FAE04EC0-301F-11D3-BF4B-00C04F79EFBC}") = "breakedownApi", "breakedownApi\breakedownApi.csproj", "{9144B165-B425-433E-B30C-81C624716793}"
EndProject
Global
	GlobalSection(SolutionConfigurationPlatforms) = preSolution
		Debug|Any CPU = Debug|Any CPU
		Release|Any CPU = Release|Any CPU
	EndGlobalSection
	GlobalSection(ProjectConfigurationPlatforms) = postSolution
		{9144B165-B425-433E-B30C-81C624716793}.Debug|Any CPU.ActiveCfg = Debug|Any CPU
		{9144B165-B425-433E-B30C-81C624716793}.Debug|Any CPU.Build.0 = Debug|Any CPU
		{9144B165-B425-433E-B30C-81C624716793}.Release|Any CPU.ActiveCfg = Release|Any CPU
		{9144B165-B425-433E-B30C-81C624716793}.Release|Any CPU.Build.0 = Release|Any CPU
	EndGlobalSection
	GlobalSection(SolutionProperties) = preSolution
		HideSolutionNode = FALSE
	EndGlobalSection
	GlobalSection(ExtensibilityGlobals) = postSolution
		SolutionGuid = {3FB0C514-D3D0-4154-B46C-1AF35C474AD5}
	EndGlobalSection
EndGlobal
